
Microsoft Visual Studio Solution File, Format Version 12.00
# Visual Studio Version 17
VisualStudioVersion = 17.14.36221.1 d17.14
MinimumVisualStudioVersion = 10.0.40219.1
Project("{FAE04EC0-301F-11D3-BF4B-00C04F79EFBC}") = "HelloWorld", "HelloWorld.csproj", "{59A0163D-27F8-40EF-B5FD-9EF1D4B910A5}"
EndProject
Global
	GlobalSection(SolutionConfigurationPlatforms) = preSolution
		Debug|Any CPU = Debug|Any CPU
		Release|Any CPU = Release|Any CPU
	EndGlobalSection
	GlobalSection(ProjectConfigurationPlatforms) = postSolution
		{59A0163D-27F8-40EF-B5FD-9EF1D4B910A5}.Debug|Any CPU.ActiveCfg = Debug|Any CPU
		{59A0163D-27F8-40EF-B5FD-9EF1D4B910A5}.Debug|Any CPU.Build.0 = Debug|Any CPU
		{59A0163D-27F8-40EF-B5FD-9EF1D4B910A5}.Release|Any CPU.ActiveCfg = Release|Any CPU
		{59A0163D-27F8-40EF-B5FD-9EF1D4B910A5}.Release|Any CPU.Build.0 = Release|Any CPU
	EndGlobalSection
	GlobalSection(SolutionProperties) = preSolution
		HideSolutionNode = FALSE
	EndGlobalSection
	GlobalSection(ExtensibilityGlobals) = postSolution
		SolutionGuid = {6CC9BD3E-1D9C-428D-8589-F5B61E75A8C8}
	EndGlobalSection
EndGlobal
